dependencies:
  espressif/led_strip:
    component_hash: 28621486f77229aaf81c71f5e15d6fbf36c2949cf11094e07090593e659e7639
    dependencies:
    - name: idf
      require: private
      version: '>=5.0'
    source:
      registry_url: https://components.espressif.com/
      type: service
    version: 3.0.3
  h2zero/esp-nimble-cpp:
    component_hash: ecdcabe83333948495103f9d62e4ecb651bff866fce123d00bfc106baa383e54
    dependencies:
    - name: espressif/esp_hosted
      registry_url: https://components.espressif.com
      require: private
      rules:
      - if: target in [esp32p4]
      version: '*'
    - name: espressif/esp_wifi_remote
      registry_url: https://components.espressif.com
      require: private
      rules:
      - if: target in [esp32p4]
      version: '>=0.5.3'
    - name: idf
      require: private
      rules:
      - if: target in [esp32p4]
      version: '>=5.3.0'
    source:
      registry_url: https://components.espressif.com/
      type: service
    version: 2.3.4
  idf:
    source:
      type: idf
    version: 5.5.0
direct_dependencies:
- espressif/led_strip
- h2zero/esp-nimble-cpp
- idf
manifest_hash: b726d49ccd61592c2094f52b018e25aa279e56e0ff5ecef2488a74fec5a56a36
target: esp32c3
version: 2.0.0
